
Microsoft Visual Studio Solution File, Format Version 12.00
# Visual Studio Version 16
VisualStudioVersion = 16.0.30717.126
MinimumVisualStudioVersion = 10.0.40219.1
Project("{FAE04EC0-301F-11D3-BF4B-00C04F79EFBC}") = "ConsoleApp1", "ConsoleApp1\ConsoleApp1.csproj", "{A164306B-9AE5-46D3-9945-4C640A57559C}"
EndProject
Global
	GlobalSection(SolutionConfigurationPlatforms) = preSolution
		Debug|Any CPU = Debug|Any CPU
		Release|Any CPU = Release|Any CPU
	EndGlobalSection
	GlobalSection(ProjectConfigurationPlatforms) = postSolution
		{A164306B-9AE5-46D3-9945-4C640A57559C}.Debug|Any CPU.ActiveCfg = Debug|Any CPU
		{A164306B-9AE5-46D3-9945-4C640A57559C}.Debug|Any CPU.Build.0 = Debug|Any CPU
		{A164306B-9AE5-46D3-9945-4C640A57559C}.Release|Any CPU.ActiveCfg = Release|Any CPU
		{A164306B-9AE5-46D3-9945-4C640A57559C}.Release|Any CPU.Build.0 = Release|Any CPU
	EndGlobalSection
	GlobalSection(SolutionProperties) = preSolution
		HideSolutionNode = FALSE
	EndGlobalSection
	GlobalSection(ExtensibilityGlobals) = postSolution
		SolutionGuid = {13DDE087-3008-449A-A4A9-529DE1D885FF}
	EndGlobalSection
EndGlobal
